buf.build/gen/go/bufbuild/protovalidate/protocolbuffers/go v1.36.12-20260825204119-511051f7f437.2 h1:NbnlmV26O7oZ1iM5tsCI+GEx+3ZSdrhvnKQ/eWSrLiY=
buf.build/gen/go/bufbuild/protovalidate/protocolbuffers/go v1.36.12-20260825204119-511051f7f437.2/go.mod h1:TCt1lluMFnctISJXvkIQ4x3ABrPuUKCWKyjKdkJNBpw=
buf.build/gen/go/bufbuild/registry/connectrpc/gosimple v1.21.0-20260831211851-b4432e12a6e7.1 h1:VGgR9cbFNYWJqlTxBQ7933GiqW6pApU3jA7zeMxh44M=
buf.build/gen/go/bufbuild/registry/connectrpc/gosimple v1.21.0-20260831211851-b4432e12a6e7.1/go.mod h1:BKQZ0q29rUlhIhk92jJ3YN06nrU6JdiXpSpNZGwgLss=
buf.build/gen/go/bufbuild/registry/protocolbuffers/go v1.36.12-20260831211851-b4432e12a6e7.2 h1:cik2XvKM1UV8HgLWD2vnBvV4GgT5NfpLJBb9UgLKzzg=
buf.build/gen/go/bufbuild/registry/protocolbuffers/go v1.36.12-20260831211851-b4432e12a6e7.2/go.mod h1:91H8i3iR9GoomNkM9X13RTFL8cVNAHnS44BdgAnbqz4=
buf.build/gen/go/opentelemetry/opentelemetry/protocolbuffers/go v1.36.12-20260722205108-41ecbd638b41.2 h1:v5smGucY1Rtquzajt0EfSMbS9HGg28INTiTXE7U7KQo=
buf.build/gen/go/opentelemetry/opentelemetry/protocolbuffers/go v1.36.12-20260722205108-41ecbd638b41.2/go.mod h1:T1jbBCgJOoa9RzEPby8PwvFnrdhQ240Jz2eX4tifQUQ=
connectrpc.com/connect v1.21.0 h1:LhqSJt7jHf5NJBo9Jq/t/9FjcYAideif0mg+qe2jCUs=
connectrpc.com/connect v1.21.0/go.mod h1:A2ygJrukXwWy32vkCAAHNVguZrqZ+jeZ9rGRnGR4dN4=
github.com/confluentinc/confluent-kafka-go/v2 v2.15.1 h1:zqKvZk3Ay68ya4hnImXecb55T579qI1x7ozaHcCL+AY=
github.com/confluentinc/confluent-kafka-go/v2 v2.15.1/go.mod h1:Jb4/23G4BMIa8vrwtoKx5bdk2h0eUYHbXC45m1FuOXI=
github.com/google/go-cmp v0.7.0 h1:wk8382ETsv4JYUZwIsn6YpYiWiBsYLSJiTsyBybVuN8=
github.com/google/go-cmp v0.7.0/go.mod h1:pXiqmnSA92OHEEa9HXL2W4E7lf9JzCmGVUdgjX3N/iU=
github.com/klauspost/compress v1.20.0 h1:a3C1ke2ohxFymNlb2HWAHjDeKCI90scRskErZkR0ezA=
github.com/klauspost/compress v1.20.0/go.mod h1:LUdAzn7YLVvxLpc7y3V1m40wESHTgc1422pwwBSKYuI=
github.com/pierrec/lz4/v4 v4.1.30 h1:cchX8N2DVP668WkElI9QMwVyoNabLkq1LofDHFeIrdg=
github.com/pierrec/lz4/v4 v4.1.30/go.mod h1:EoQMVJgeeEOMsCqCzqFm2O0cJvljX2nGZjcRIPL34O4=
github.com/segmentio/kafka-go v0.4.51 h1:JgDPPG75tC1rWIS2Me6MwcvXJ6f49UQ4HjAOef71Hno=
github.com/segmentio/kafka-go v0.4.51/go.mod h1:Y1gn60kzLEEaW28YshXyk2+VCUKbJ3Qr6DrnT3i4+9E=
github.com/sethvargo/go-retry v0.4.0 h1:9qy1OoIAxBL+gBYnkTnTnWle5wlfsXQlwRzIbbpdqPw=
github.com/sethvargo/go-retry v0.4.0/go.mod h1:tvsjdKG6xfiCx4LSiUZ06kcv38xvdVQwv8R6/VnnVWg=
github.com/stretchr/testify v1.12.1 h1:EuwCh5fleGS7H32xRwO3wRGT7DxrDhLAT6FF8MpWDWE=
github.com/stretchr/testify v1.12.1/go.mod h1:MDEgiDPPsNp5cuIrHPPCyornHKgEVbtFUmoNlxoYthg=
github.com/twmb/franz-go v1.22.0 h1:/CN0IfwJIlkO8ml78sR+1nfciyJ1qzf/ebp2lJeTnus=
github.com/twmb/franz-go v1.22.0/go.mod h1:b2qISbZgMTJRcIsltVqPz4+Bb2Lw/9bN+/Gd0C07kYw=
github.com/twmb/franz-go/pkg/kadm v1.19.0 h1:5Nx/WWFkpNUi8Z55Skxvn9x5HOCjw+BUntSNB1kLglk=
github.com/twmb/franz-go/pkg/kadm v1.19.0/go.mod h1:emmsx5J7YPU9A7UHcSoz0fBMYVmCcJO2etylJeU0VHU=
github.com/twmb/franz-go/pkg/kmsg v1.14.0 h1:gSxrBEKWl3qnsx3QKWol5OEVujuPmIoDkhMt3didFKM=
github.com/twmb/franz-go/pkg/kmsg v1.14.0/go.mod h1:+DPt4NC8RmI6hqb8G09+3giKObE6uD2Eya6CfqBpeJY=
github.com/xdg-go/pbkdf2 v1.0.0 h1:Su7DPu48wXMwC3bs7MCNG+z4FhcyEuz5dlvchbq0B0c=
github.com/xdg-go/pbkdf2 v1.0.0/go.mod h1:jrpuAogTd400dnrH08LKmI/xc1MbPOebTwRqcT5RDeI=
github.com/xdg-go/scram v1.1.2 h1:FHX5I5B4i4hKRVRBCFRxq1iQRej7WO3hhBuJf+UUySY=
github.com/xdg-go/scram v1.1.2/go.mod h1:RT/sEzTbU5y00aCK8UOx6R7YryM0iF1N2MOmC3kKLN4=
github.com/xdg-go/stringprep v1.0.4 h1:XLI/Ng3O1Atzq0oBs3TWm+5ZVgkq2aqdlvP9JtoZ6c8=
github.com/xdg-go/stringprep v1.0.4/go.mod h1:mPGuuIYwz7CmR2bT9j4GbQqutWS1zV24gijq1dTyGkM=
go.yaml.in/yaml/v3 v3.0.5 h1:N6y/pJk8buWs9NY5ERU2HSMfm+IuD/OtfdAnq6kESPw=
go.yaml.in/yaml/v3 v3.0.5/go.mod h1:HVTZu1O7/Vkt2N+BFy8Zza+lnLsABggaTM2ZpNIGuKg=
golang.org/x/net v0.56.0 h1:Rw8j/hFzGvJUZwNBXnAtf5sVDVt+65SK2C7IxCxZt5o=
golang.org/x/net v0.56.0/go.mod h1:D3Ku6r+V6JROoZK144D2XfMHFcMq/0zSfLelVTCFKec=
golang.org/x/sync v0.23.0 h1:KameEIfc1IkluZyXWLn39Wd4tURc6GbCiISGiZm2bQk=
golang.org/x/sync v0.23.0/go.mod h1:sUUOizhqBxiL6pEWpqNLUiaJn1ShEbZ6BBqskPbjZm0=
golang.org/x/text v0.38.0 h1:sXmwo9DwP3OK9EZ7PqAdaooSGozfl/3a6/xJcbzPRhE=
golang.org/x/text v0.38.0/go.mod h1:YXZt3QhHUKYT53r2lLKFIVi6Ao1jdzrTR/KQ09qyxF4=
google.golang.org/protobuf v1.36.12 h1:pJOKDDOyeXErUroCihFAd5LQuwXBSpVnKGrj5o/fwxc=
google.golang.org/protobuf v1.36.12/go.mod h1:HTf+CrKn2C3g5S8VImy6tdcUvCska2kB7j23XfzDpco=
