buf.build/gen/go/bufbuild/protovalidate/protocolbuffers/go v1.36.12-20260825204119-511051f7f437.1 h1:Slv0uGxx219srASyiaI5C9cDlyG8kNDcXpTSYcuAeE4=
buf.build/gen/go/bufbuild/protovalidate/protocolbuffers/go v1.36.12-20260825204119-511051f7f437.1/go.mod h1:TCt1lluMFnctISJXvkIQ4x3ABrPuUKCWKyjKdkJNBpw=
buf.build/gen/go/bufbuild/registry/connectrpc/gosimple v1.20.0-20260713175918-10d915f5b43b.1 h1:Zw9j2Z9DnlOeWeo8lHKKg+dqishVqW29zB9+8tUVSxc=
buf.build/gen/go/bufbuild/registry/connectrpc/gosimple v1.20.0-20260713175918-10d915f5b43b.1/go.mod h1:oTxnYOJJzlnTMZUykPI2maydd4wIFVi9lUsZ7RVNZDM=
buf.build/gen/go/bufbuild/registry/protocolbuffers/go v1.36.12-20260713175918-10d915f5b43b.1 h1:vXeroJtGt1NaMmWqJRtMFN/lb+sM0VEdwhF4j72RJD4=
buf.build/gen/go/bufbuild/registry/protocolbuffers/go v1.36.12-20260713175918-10d915f5b43b.1/go.mod h1:e6JKoeVTybrDg0WORwoOQ4cIns07W4TMNnnLLUq6rjA=
buf.build/gen/go/opentelemetry/opentelemetry/protocolbuffers/go v1.36.12-20260722205108-41ecbd638b41.1 h1:Q9LwG0Hd3MClqEA6Vy6Ph4B03/29Bt46JDixq2LIHZ0=
buf.build/gen/go/opentelemetry/opentelemetry/protocolbuffers/go v1.36.12-20260722205108-41ecbd638b41.1/go.mod h1:T1jbBCgJOoa9RzEPby8PwvFnrdhQ240Jz2eX4tifQUQ=
connectrpc.com/connect v1.20.0 h1:6TNDAB+WeNd2uolWNlYczB5E0KNNaVMNUEx8JEUsPmQ=
connectrpc.com/connect v1.20.0/go.mod h1:A2ygJrukXwWy32vkCAAHNVguZrqZ+jeZ9rGRnGR4dN4=
github.com/confluentinc/confluent-kafka-go/v2 v2.15.0 h1:Nfz04XU4qtT4/OU3zibwJVjUYs5SG35d2SwBIQ+L2FY=
github.com/confluentinc/confluent-kafka-go/v2 v2.15.0/go.mod h1:uvixf1aKCnE5NHlELzZpO4k6TQc1DJalz67dVGaYxIs=
github.com/google/go-cmp v0.7.0 h1:wk8382ETsv4JYUZwIsn6YpYiWiBsYLSJiTsyBybVuN8=
github.com/google/go-cmp v0.7.0/go.mod h1:pXiqmnSA92OHEEa9HXL2W4E7lf9JzCmGVUdgjX3N/iU=
github.com/klauspost/compress v1.18.7 h1:aUyZsS4kH3QTKurYhAOwAHxllVPnOthb3vPfnF1Ehjw=
github.com/klauspost/compress v1.18.7/go.mod h1:cwPg85FWrGar70rWktvGQj8/hthj3wpl0PGDogxkrSQ=
github.com/pierrec/lz4/v4 v4.1.26 h1:GrpZw1gZttORinvzBdXPUXATeqlJjqUG/D87TKMnhjY=
github.com/pierrec/lz4/v4 v4.1.26/go.mod h1:EoQMVJgeeEOMsCqCzqFm2O0cJvljX2nGZjcRIPL34O4=
github.com/segmentio/kafka-go v0.4.51 h1:JgDPPG75tC1rWIS2Me6MwcvXJ6f49UQ4HjAOef71Hno=
github.com/segmentio/kafka-go v0.4.51/go.mod h1:Y1gn60kzLEEaW28YshXyk2+VCUKbJ3Qr6DrnT3i4+9E=
github.com/sethvargo/go-retry v0.4.0 h1:9qy1OoIAxBL+gBYnkTnTnWle5wlfsXQlwRzIbbpdqPw=
github.com/sethvargo/go-retry v0.4.0/go.mod h1:tvsjdKG6xfiCx4LSiUZ06kcv38xvdVQwv8R6/VnnVWg=
github.com/stretchr/testify v1.12.1 h1:EuwCh5fleGS7H32xRwO3wRGT7DxrDhLAT6FF8MpWDWE=
github.com/stretchr/testify v1.12.1/go.mod h1:MDEgiDPPsNp5cuIrHPPCyornHKgEVbtFUmoNlxoYthg=
github.com/twmb/franz-go v1.21.6 h1:+v0dQJVIIuw9uPmPWmPrkoUHs1pPeV8MSwA4eU/Y2kY=
github.com/twmb/franz-go v1.21.6/go.mod h1:wMepkgCatAdV9vCsuwM+wr+C1fl7KV/41+uHGAjt/wc=
github.com/twmb/franz-go/pkg/kadm v1.18.0 h1:WRf/LZmDdcDXwX7WMbtDU++v+b3NzYh2bCGoPMmzirw=
github.com/twmb/franz-go/pkg/kadm v1.18.0/go.mod h1:XeLhGoLXLFzK8/ryv5FfpxPxGwj4oFEGpPJMB/x6KDE=
github.com/twmb/franz-go/pkg/kmsg v1.13.1 h1:fG5kItwysTk5UXqVwb64EpQEy3TydF3vYYK21nUQ+bI=
github.com/twmb/franz-go/pkg/kmsg v1.13.1/go.mod h1:+DPt4NC8RmI6hqb8G09+3giKObE6uD2Eya6CfqBpeJY=
github.com/xdg-go/pbkdf2 v1.0.0 h1:Su7DPu48wXMwC3bs7MCNG+z4FhcyEuz5dlvchbq0B0c=
github.com/xdg-go/pbkdf2 v1.0.0/go.mod h1:jrpuAogTd400dnrH08LKmI/xc1MbPOebTwRqcT5RDeI=
github.com/xdg-go/scram v1.1.2 h1:FHX5I5B4i4hKRVRBCFRxq1iQRej7WO3hhBuJf+UUySY=
github.com/xdg-go/scram v1.1.2/go.mod h1:RT/sEzTbU5y00aCK8UOx6R7YryM0iF1N2MOmC3kKLN4=
github.com/xdg-go/stringprep v1.0.4 h1:XLI/Ng3O1Atzq0oBs3TWm+5ZVgkq2aqdlvP9JtoZ6c8=
github.com/xdg-go/stringprep v1.0.4/go.mod h1:mPGuuIYwz7CmR2bT9j4GbQqutWS1zV24gijq1dTyGkM=
go.yaml.in/yaml/v3 v3.0.5 h1:N6y/pJk8buWs9NY5ERU2HSMfm+IuD/OtfdAnq6kESPw=
go.yaml.in/yaml/v3 v3.0.5/go.mod h1:HVTZu1O7/Vkt2N+BFy8Zza+lnLsABggaTM2ZpNIGuKg=
golang.org/x/crypto v0.53.0 h1:QZ4Muo8THX6CizN2vPPd5fBGHyogrdK9fG4wLPFUsto=
golang.org/x/crypto v0.53.0/go.mod h1:DNLU434OwVakk9PzuwV8w62mAJpRJL3vsgcfp4Qnsio=
golang.org/x/net v0.56.0 h1:Rw8j/hFzGvJUZwNBXnAtf5sVDVt+65SK2C7IxCxZt5o=
golang.org/x/net v0.56.0/go.mod h1:D3Ku6r+V6JROoZK144D2XfMHFcMq/0zSfLelVTCFKec=
golang.org/x/sync v0.22.0 h1:SZjpbeLmrCk4xhRSZFNZW5gFUeCeFgjekvI/+gfScek=
golang.org/x/sync v0.22.0/go.mod h1:9xrNwdLfx4jkKbNva9FpL6vEN7evnE43NNNJQ2LF3+0=
golang.org/x/text v0.38.0 h1:sXmwo9DwP3OK9EZ7PqAdaooSGozfl/3a6/xJcbzPRhE=
golang.org/x/text v0.38.0/go.mod h1:YXZt3QhHUKYT53r2lLKFIVi6Ao1jdzrTR/KQ09qyxF4=
google.golang.org/protobuf v1.36.12 h1:pJOKDDOyeXErUroCihFAd5LQuwXBSpVnKGrj5o/fwxc=
google.golang.org/protobuf v1.36.12/go.mod h1:HTf+CrKn2C3g5S8VImy6tdcUvCska2kB7j23XfzDpco=
